// !$*UTF8*$!
{
	archiveVersion = 1;
	classes = {
	};
	objectVersion = 50;
	objects = {

/* Begin PBXBuildFile section */
		83817B9E20CDA7320099EA93 /* AppDelegate.swift in Sources */ = {isa = PBXBuildFile; fileRef = 83817B9D20CDA7320099EA93 /* AppDelegate.swift */; };
		83817BA020CDA7320099EA93 /* ViewController.swift in Sources */ = {isa = PBXBuildFile; fileRef = 83817B9F20CDA7320099EA93 /* ViewController.swift */; };
		83817BA220CDA7320099EA93 /* Assets.xcassets in Resources */ = {isa = PBXBuildFile; fileRef = 83817BA120CDA7320099EA93 /* Assets.xcassets */; };
		83817BA520CDA7330099EA93 /* Main.storyboard in Resources */ = {isa = PBXBuildFile; fileRef = 83817BA320CDA7330099EA93 /* Main.storyboard */; };
/* End PBXBuildFile section */

/* Begin PBXFileReference section */
		83817B9A20CDA7320099EA93 /* bluetooth-hid-peripheral.app */ = {isa = PBXFileReference; explicitFileType = wrapper.application; includeInIndex = 0; path = "bluetooth-hid-peripheral.app"; sourceTree = BUILT_PRODUCTS_DIR; };
		83817B9D20CDA7320099EA93 /* AppDelegate.swift */ = {isa = PBXFileReference; lastKnownFileType = sourcecode.swift; path = AppDelegate.swift; sourceTree = "<group>"; };
		83817B9F20CDA7320099EA93 /* ViewController.swift */ = {isa = PBXFileReference; lastKnownFileType = sourcecode.swift; path = ViewController.swift; sourceTree = "<group>"; };
		83817BA120CDA7320099EA93 /* Assets.xcassets */ = {isa = PBXFileReference; lastKnownFileType = folder.assetcatalog; path = Assets.xcassets; sourceTree = "<group>"; };
		83817BA420CDA7330099EA93 /* Base */ = {isa = PBXFileReference; lastKnownFileType = file.storyboard; name = Base; path = Base.lproj/Main.storyboard; sourceTree = "<group>"; };
		83817BA620CDA7330099EA93 /* Info.plist */ = {isa = PBXFileReference; lastKnownFileType = text.plist.xml; path = Info.plist; sourceTree = "<group>"; };
		83817BA720CDA7330099EA93 /* bluetooth_hid_peripheral.entitlements */ = {isa = PBXFileReference; lastKnownFileType = text.plist.entitlements; path = bluetooth_hid_peripheral.entitlements; sourceTree = "<group>"; };
/* End PBXFileReference section */

/* Begin PBXFrameworksBuildPhase section */
		83817B9720CDA7320099EA93 /* Frameworks */ = {
			isa = PBXFrameworksBuildPhase;
			buildActionMask = 2147483647;
			files = (
			);
			runOnlyForDeploymentPostprocessing = 0;
		};
/* End PBXFrameworksBuildPhase section */

/* Begin PBXGroup section */
		83817B9120CDA7320099EA93 = {
			isa = PBXGroup;
			children = (
				83817B9C20CDA7320099EA93 /* bluetooth-hid-peripheral */,
				83817B9B20CDA7320099EA93 /* Products */,
			);
			sourceTree = "<group>";
		};
		83817B9B20CDA7320099EA93 /* Products */ = {
			isa = PBXGroup;
			children = (
				83817B9A20CDA7320099EA93 /* bluetooth-hid-peripheral.app */,
			);
			name = Products;
			sourceTree = "<group>";
		};
		83817B9C20CDA7320099EA93 /* bluetooth-hid-peripheral */ = {
			isa = PBXGroup;
			children = (
				83817B9D20CDA7320099EA93 /* AppDelegate.swift */,
				83817B9F20CDA7320099EA93 /* ViewController.swift */,
				83817BA120CDA7320099EA93 /* Assets.xcassets */,
				83817BA320CDA7330099EA93 /* Main.storyboard */,
				83817BA620CDA7330099EA93 /* Info.plist */,
				83817BA720CDA7330099EA93 /* bluetooth_hid_peripheral.entitlements */,
			);
			path = "bluetooth-hid-peripheral";
			sourceTree = "<group>";
		};
/* End PBXGroup section */

/* Begin PBXNativeTarget section */
		83817B9920CDA7320099EA93 /* bluetooth-hid-peripheral */ = {
			isa = PBXNativeTarget;
			buildConfigurationList = 83817BAA20CDA7330099EA93 /* Build configuration list for PBXNativeTarget "bluetooth-hid-peripheral" */;
			buildPhases = (
				83817B9620CDA7320099EA93 /* Sources */,
				83817B9720CDA7320099EA93 /* Frameworks */,
				83817B9820CDA7320099EA93 /* Resources */,
			);
			buildRules = (
			);
			dependencies = (
			);
			name = "bluetooth-hid-peripheral";
			productName = "bluetooth-hid-peripheral";
			productReference = 83817B9A20CDA7320099EA93 /* bluetooth-hid-peripheral.app */;
			productType = "com.apple.product-type.application";
		};
/* End PBXNativeTarget section */

/* Begin PBXProject section */
		83817B9220CDA7320099EA93 /* Project object */ = {
			isa = PBXProject;
			attributes = {
				LastSwiftUpdateCheck = 0940;
				LastUpgradeCheck = 0940;
				ORGANIZATIONNAME = "Chris Atkin";
				TargetAttributes = {
					83817B9920CDA7320099EA93 = {
						CreatedOnToolsVersion = 9.4;
					};
				};
			};
			buildConfigurationList = 83817B9520CDA7320099EA93 /* Build configuration list for PBXProject "bluetooth-hid-peripheral" */;
			compatibilityVersion = "Xcode 9.3";
			developmentRegion = en;
			hasScannedForEncodings = 0;
			knownRegions = (
				en,
				Base,
			);
			mainGroup = 83817B9120CDA7320099EA93;
			productRefGroup = 83817B9B20CDA7320099EA93 /* Products */;
			projectDirPath = "";
			projectRoot = "";
			targets = (
				83817B9920CDA7320099EA93 /* bluetooth-hid-peripheral */,
			);
		};
/* End PBXProject section */

/* Begin PBXResourcesBuildPhase section */
		83817B9820CDA7320099EA93 /* Resources */ = {
			isa = PBXResourcesBuildPhase;
			buildActionMask = 2147483647;
			files = (
				83817BA220CDA7320099EA93 /* Assets.xcassets in Resources */,
				83817BA520CDA7330099EA93 /* Main.storyboard in Resources */,
			);
			runOnlyForDeploymentPostprocessing = 0;
		};
/* End PBXResourcesBuildPhase section */

/* Begin PBXSourcesBuildPhase section */
		83817B9620CDA7320099EA93 /* Sources */ = {
			isa = PBXSourcesBuildPhase;
			buildActionMask = 2147483647;
			files = (
				83817BA020CDA7320099EA93 /* ViewController.swift in Sources */,
				83817B9E20CDA7320099EA93 /* AppDelegate.swift in Sources */,
			);
			runOnlyForDeploymentPostprocessing = 0;
		};
/* End PBXSourcesBuildPhase section */

/* Begin PBXVariantGroup section */
		83817BA320CDA7330099EA93 /* Main.storyboard */ = {
			isa = PBXVariantGroup;
			children = (
				83817BA420CDA7330099EA93 /* Base */,
			);
			name = Main.storyboard;
			sourceTree = "<group>";
		};
/* End PBXVariantGroup section */

/* Begin XCBuildConfiguration section */
		83817BA820CDA7330099EA93 /* Debug */ = {
			isa = XCBuildConfiguration;
			buildSettings = {
				ALWAYS_SEARCH_USER_PATHS = NO;
				CLANG_ANALYZER_NONNULL = YES;
				CLANG_ANALYZER_NUMBER_OBJECT_CONVERSION = YES_AGGRESSIVE;
				CLANG_CXX_LANGUAGE_STANDARD = "gnu++14";
				CLANG_CXX_LIBRARY = "libc++";
				CLANG_ENABLE_MODULES = YES;
				CLANG_ENABLE_OBJC_ARC = YES;
				CLANG_ENABLE_OBJC_WEAK = YES;
				CLANG_WARN_BLOCK_CAPTURE_AUTORELEASING = YES;
				CLANG_WARN_BOOL_CONVERSION = YES;
				CLANG_WARN_COMMA = YES;
				CLANG_WARN_CONSTANT_CONVERSION = YES;
				CLANG_WARN_DEPRECATED_OBJC_IMPLEMENTATIONS = YES;
				CLANG_WARN_DIRECT_OBJC_ISA_USAGE = YES_ERROR;
				CLANG_WARN_DOCUMENTATION_COMMENTS = YES;
				CLANG_WARN_EMPTY_BODY = YES;
				CLANG_WARN_ENUM_CONVERSION = YES;
				CLANG_WARN_INFINITE_RECURSION = YES;
				CLANG_WARN_INT_CONVERSION = YES;
				CLANG_WARN_NON_LITERAL_NULL_CONVERSION = YES;
				CLANG_WARN_OBJC_IMPLICIT_RETAIN_SELF = YES;
				CLANG_WARN_OBJC_LITERAL_CONVERSION = YES;
				CLANG_WARN_OBJC_ROOT_CLASS = YES_ERROR;
				CLANG_WARN_RANGE_LOOP_ANALYSIS = YES;
				CLANG_WARN_STRICT_PROTOTYPES = YES;
				CLANG_WARN_SUSPICIOUS_MOVE = YES;
				CLANG_WARN_UNGUARDED_AVAILABILITY = YES_AGGRESSIVE;
				CLANG_WARN_UNREACHABLE_CODE = YES;
				CLANG_WARN__DUPLICATE_METHOD_MATCH = YES;
				CODE_SIGN_IDENTITY = "Mac Developer";
				COPY_PHASE_STRIP = NO;
				DEBUG_INFORMATION_FORMAT = dwarf;
				ENABLE_STRICT_OBJC_MSGSEND = YES;
				ENABLE_TESTABILITY = YES;
				GCC_C_LANGUAGE_STANDARD = gnu11;
				GCC_DYNAMIC_NO_PIC = NO;
				GCC_NO_COMMON_BLOCKS = YES;
				GCC_OPTIMIZATION_LEVEL = 0;
				GCC_PREPROCESSOR_DEFINITIONS = (
					"DEBUG=1",
					"$(inherited)",
				);
				GCC_WARN_64_TO_32_BIT_CONVERSION = YES;
				GCC_WARN_ABOUT_RETURN_TYPE = YES_ERROR;
				GCC_WARN_UNDECLARED_SELECTOR = YES;
				GCC_WARN_UNINITIALIZED_AUTOS = YES_AGGRESSIVE;
				GCC_WARN_UNUSED_FUNCTION = YES;
				GCC_WARN_UNUSED_VARIABLE = YES;
				MACOSX_DEPLOYMENT_TARGET = 10.13;
				MTL_ENABLE_DEBUG_INFO = YES;
				ONLY_ACTIVE_ARCH = YES;
				SDKROOT = macosx;
				SWIFT_ACTIVE_COMPILATION_CONDITIONS = DEBUG;
				SWIFT_OPTIMIZATION_LEVEL = "-Onone";
			};
			name = Debug;
		};
		83817BA920CDA7330099EA93 /* Release */ = {
			isa = XCBuildConfiguration;
			buildSettings = {
				ALWAYS_SEARCH_USER_PATHS = NO;
				CLANG_ANALYZER_NONNULL = YES;
				CLANG_ANALYZER_NUMBER_OBJECT_CONVERSION = YES_AGGRESSIVE;
				CLANG_CXX_LANGUAGE_STANDARD = "gnu++14";
				CLANG_CXX_LIBRARY = "libc++";
				CLANG_ENABLE_MODULES = YES;
				CLANG_ENABLE_OBJC_ARC = YES;
				CLANG_ENABLE_OBJC_WEAK = YES;
				CLANG_WARN_BLOCK_CAPTURE_AUTORELEASING = YES;
				CLANG_WARN_BOOL_CONVERSION = YES;
				CLANG_WARN_COMMA = YES;
				CLANG_WARN_CONSTANT_CONVERSION = YES;
				CLANG_WARN_DEPRECATED_OBJC_IMPLEMENTATIONS = YES;
				CLANG_WARN_DIRECT_OBJC_ISA_USAGE = YES_ERROR;
				CLANG_WARN_DOCUMENTATION_COMMENTS = YES;
				CLANG_WARN_EMPTY_BODY = YES;
				CLANG_WARN_ENUM_CONVERSION = YES;
				CLANG_WARN_INFINITE_RECURSION = YES;
				CLANG_WARN_INT_CONVERSION = YES;
				CLANG_WARN_NON_LITERAL_NULL_CONVERSION = YES;
				CLANG_WARN_OBJC_IMPLICIT_RETAIN_SELF = YES;
				CLANG_WARN_OBJC_LITERAL_CONVERSION = YES;
				CLANG_WARN_OBJC_ROOT_CLASS = YES_ERROR;
				CLANG_WARN_RANGE_LOOP_ANALYSIS = YES;
				CLANG_WARN_STRICT_PROTOTYPES = YES;
				CLANG_WARN_SUSPICIOUS_MOVE = YES;
				CLANG_WARN_UNGUARDED_AVAILABILITY = YES_AGGRESSIVE;
				CLANG_WARN_UNREACHABLE_CODE = YES;
				CLANG_WARN__DUPLICATE_METHOD_MATCH = YES;
				CODE_SIGN_IDENTITY = "Mac Developer";
				COPY_PHASE_STRIP = NO;
				DEBUG_INFORMATION_FORMAT = "dwarf-with-dsym";
				ENABLE_NS_ASSERTIONS = NO;
				ENABLE_STRICT_OBJC_MSGSEND = YES;
				GCC_C_LANGUAGE_STANDARD = gnu11;
				GCC_NO_COMMON_BLOCKS = YES;
				GCC_WARN_64_TO_32_BIT_CONVERSION = YES;
				GCC_WARN_ABOUT_RETURN_TYPE = YES_ERROR;
				GCC_WARN_UNDECLARED_SELECTOR = YES;
				GCC_WARN_UNINITIALIZED_AUTOS = YES_AGGRESSIVE;
				GCC_WARN_UNUSED_FUNCTION = YES;
				GCC_WARN_UNUSED_VARIABLE = YES;
				MACOSX_DEPLOYMENT_TARGET = 10.13;
				MTL_ENABLE_DEBUG_INFO = NO;
				SDKROOT = macosx;
				SWIFT_COMPILATION_MODE = wholemodule;
				SWIFT_OPTIMIZATION_LEVEL = "-O";
			};
			name = Release;
		};
		83817BAB20CDA7330099EA93 /* Debug */ = {
			isa = XCBuildConfiguration;
			buildSettings = {
				ASSETCATALOG_COMPILER_APPICON_NAME = AppIcon;
				CODE_SIGN_ENTITLEMENTS = "bluetooth-hid-peripheral/bluetooth_hid_peripheral.entitlements";
				CODE_SIGN_STYLE = Automatic;
				COMBINE_HIDPI_IMAGES = YES;
				DEVELOPMENT_TEAM = S4LCRR7692;
				INFOPLIST_FILE = "bluetooth-hid-peripheral/Info.plist";
				LD_RUNPATH_SEARCH_PATHS = (
					"$(inherited)",
					"@executable_path/../Frameworks",
				);
				PRODUCT_BUNDLE_IDENTIFIER = "com.chrisatkin.bluetooth-hid-peripheral";
				PRODUCT_NAME = "$(TARGET_NAME)";
				SWIFT_VERSION = 4.0;
			};
			name = Debug;
		};
		83817BAC20CDA7330099EA93 /* Release */ = {
			isa = XCBuildConfiguration;
			buildSettings = {
				ASSETCATALOG_COMPILER_APPICON_NAME = AppIcon;
				CODE_SIGN_ENTITLEMENTS = "bluetooth-hid-peripheral/bluetooth_hid_peripheral.entitlements";
				CODE_SIGN_STYLE = Automatic;
				COMBINE_HIDPI_IMAGES = YES;
				DEVELOPMENT_TEAM = S4LCRR7692;
				INFOPLIST_FILE = "bluetooth-hid-peripheral/Info.plist";
				LD_RUNPATH_SEARCH_PATHS = (
					"$(inherited)",
					"@executable_path/../Frameworks",
				);
				PRODUCT_BUNDLE_IDENTIFIER = "com.chrisatkin.bluetooth-hid-peripheral";
				PRODUCT_NAME = "$(TARGET_NAME)";
				SWIFT_VERSION = 4.0;
			};
			name = Release;
		};
/* End XCBuildConfiguration section */

/* Begin XCConfigurationList section */
		83817B9520CDA7320099EA93 /* Build configuration list for PBXProject "bluetooth-hid-peripheral" */ = {
			isa = XCConfigurationList;
			buildConfigurations = (
				83817BA820CDA7330099EA93 /* Debug */,
				83817BA920CDA7330099EA93 /* Release */,
			);
			defaultConfigurationIsVisible = 0;
			defaultConfigurationName = Release;
		};
		83817BAA20CDA7330099EA93 /* Build configuration list for PBXNativeTarget "bluetooth-hid-peripheral" */ = {
			isa = XCConfigurationList;
			buildConfigurations = (
				83817BAB20CDA7330099EA93 /* Debug */,
				83817BAC20CDA7330099EA93 /* Release */,
			);
			defaultConfigurationIsVisible = 0;
			defaultConfigurationName = Release;
		};
/* End XCConfigurationList section */
	};
	rootObject = 83817B9220CDA7320099EA93 /* Project object */;
}
